
Microsoft Visual Studio Solution File, Format Version 12.00
# Visual Studio 15
VisualStudioVersion = 15.0.28307.572
MinimumVisualStudioVersion = 10.0.40219.1
Project("{FAE04EC0-301F-11D3-BF4B-00C04F79EFBC}") = "Lab2_Construction", "Lab2_Construction\Lab2_Construction.csproj", "{43D5E739-5C3C-4B45-B877-65FCF34EA86F}"
EndProject
Global
	GlobalSection(SolutionConfigurationPlatforms) = preSolution
		Debug|Any CPU = Debug|Any CPU
		Release|Any CPU = Release|Any CPU
	EndGlobalSection
	GlobalSection(ProjectConfigurationPlatforms) = postSolution
		{43D5E739-5C3C-4B45-B877-65FCF34EA86F}.Debug|Any CPU.ActiveCfg = Debug|Any CPU
		{43D5E739-5C3C-4B45-B877-65FCF34EA86F}.Debug|Any CPU.Build.0 = Debug|Any CPU
		{43D5E739-5C3C-4B45-B877-65FCF34EA86F}.Release|Any CPU.ActiveCfg = Release|Any CPU
		{43D5E739-5C3C-4B45-B877-65FCF34EA86F}.Release|Any CPU.Build.0 = Release|Any CPU
	EndGlobalSection
	GlobalSection(SolutionProperties) = preSolution
		HideSolutionNode = FALSE
	EndGlobalSection
	GlobalSection(ExtensibilityGlobals) = postSolution
		SolutionGuid = {652EE0B6-6D1C-4BB6-9862-2A3BEF1D43A5}
	EndGlobalSection
EndGlobal
